{
    "_readme": [
        "This file locks the dependencies of your project to a known state",
        "Read more about it at https://getcomposer.org/doc/01-basic-usage.md#composer-lock-the-lock-file",
        "This file is @generated automatically"
    ],
    "content-hash": "1ddf15a4d19b320551d5d543c2dc7bbb",
    "packages": [
        {
            "name": "tecnickcom/tc-lib-barcode",
            "version": "1.15.6",
            "source": {
                "type": "git",
                "url": "https://github.com/tecnickcom/tc-lib-barcode.git",
                "reference": "18b8b9224c995cd9d7518e8551be833cbc31b323"
            },
            "dist": {
                "type": "zip",
                "url": "https://api.github.com/repos/tecnickcom/tc-lib-barcode/zipball/18b8b9224c995cd9d7518e8551be833cbc31b323",
                "reference": "18b8b9224c995cd9d7518e8551be833cbc31b323",
                "shasum": ""
            },
            "require": {
                "ext-bcmath": "*",
                "ext-date": "*",
                "ext-gd": "*",
                "ext-pcre": "*",
                "php": ">=5.4",
                "tecnickcom/tc-lib-color": "^1.12.6"
            },
            "require-dev": {
                "apigen/apigen": "^4.1.2",
                "bartlett/php-compatinfo": "^5.0.4",
                "pdepend/pdepend": "^2.5.0",
                "phploc/phploc": "^2.1.5 || ^3.0.1",
                "phpmd/phpmd": "^2.6.0",
                "phpunit/phpunit": "^4.8.35 || ^5.7 || ^6.0",
                "sebastian/phpcpd": "^2.0.4 || 3.0.0",
                "squizlabs/php_codesniffer": "^2.8.0 || ^3.0.0"
            },
            "type": "library",
            "autoload": {
                "psr-4": {
                    "Com\\Tecnick\\Barcode\\": "src"
                }
            },
            "notification-url": "https://packagist.org/downloads/",
            "license": [
                "LGPL-3.0"
            ],
            "authors": [
                {
                    "name": "Nicola Asuni",
                    "email": "info@tecnick.com",
                    "role": "lead"
                }
            ],
            "description": "PHP library to generate linear and bidimensional barcodes",
            "homepage": "http://www.tecnick.com",
            "keywords": [
                "3 of 9",
                "ANSI MH10.8M-1983",
                "CBC",
                "CODABAR",
                "CODE 11",
                "CODE 128 A B C",
                "CODE 39",
                "CODE 93",
                "EAN 13",
                "EAN 8",
                "ECC200",
                "Intelligent Mail Barcode",
                "Interleaved 2 of 5",
                "KIX",
                "Klant",
                "MSI",
                "Onecode",
                "PHARMACODE",
                "PHARMACODE TWO-TRACKS",
                "POSTNET",
                "RMS4CC",
                "Standard 2 of 5",
                "UPC-A",
                "UPC-E",
                "USD-3",
                "USPS-B-3200",
                "USS-93",
                "barcode",
                "datamatrix",
                "pdf417",
                "planet",
                "qr-code",
                "royal mail",
                "tc-lib-barcode",
                "upc"
            ],
            "time": "2017-02-12T13:51:39+00:00"
        },
        {
            "name": "tecnickcom/tc-lib-color",
            "version": "1.12.6",
            "source": {
                "type": "git",
                "url": "https://github.com/tecnickcom/tc-lib-color.git",
                "reference": "8921acc8e9c26bdc32c9b08989d42e428af6c660"
            },
            "dist": {
                "type": "zip",
                "url": "https://api.github.com/repos/tecnickcom/tc-lib-color/zipball/8921acc8e9c26bdc32c9b08989d42e428af6c660",
                "reference": "8921acc8e9c26bdc32c9b08989d42e428af6c660",
                "shasum": ""
            },
            "require": {
                "ext-pcre": "*",
                "php": ">=5.4"
            },
            "require-dev": {
                "apigen/apigen": "^4.1.2",
                "bartlett/php-compatinfo": "^5.0.4",
                "pdepend/pdepend": "^2.5.0",
                "phploc/phploc": "^2.1.5 || ^3.0.1",
                "phpmd/phpmd": "^2.6.0",
                "phpunit/phpunit": "^4.8.35 || ^5.7 || ^6.0",
                "sebastian/phpcpd": "^2.0.4 || 3.0.0",
                "squizlabs/php_codesniffer": "^2.8.0 || ^3.0.0"
            },
            "type": "library",
            "autoload": {
                "psr-4": {
                    "Com\\Tecnick\\Color\\": "src"
                }
            },
            "notification-url": "https://packagist.org/downloads/",
            "license": [
                "LGPL-3.0"
            ],
            "authors": [
                {
                    "name": "Nicola Asuni",
                    "email": "info@tecnick.com",
                    "role": "lead"
                }
            ],
            "description": "PHP library to manipulate various color representations",
            "homepage": "http://www.tecnick.com",
            "keywords": [
                "cmyk",
                "color",
                "colors",
                "colour",
                "colours",
                "hsl",
                "hsla",
                "javascript",
                "rgb",
                "rgba",
                "tc-lib-color",
                "web"
            ],
            "time": "2017-02-12T12:07:38+00:00"
        },
        {
            "name": "tecnickcom/tc-lib-file",
            "version": "1.6.5",
            "source": {
                "type": "git",
                "url": "https://github.com/tecnickcom/tc-lib-file.git",
                "reference": "69a5aed25e0a98b1f7c86b2aa9ede38ff18146ee"
            },
            "dist": {
                "type": "zip",
                "url": "https://api.github.com/repos/tecnickcom/tc-lib-file/zipball/69a5aed25e0a98b1f7c86b2aa9ede38ff18146ee",
                "reference": "69a5aed25e0a98b1f7c86b2aa9ede38ff18146ee",
                "shasum": ""
            },
            "require": {
                "ext-curl": "*",
                "ext-pcre": "*",
                "php": ">=5.4"
            },
            "require-dev": {
                "apigen/apigen": "^4.1.2",
                "bartlett/php-compatinfo": "^5.0.4",
                "pdepend/pdepend": "^2.5.0",
                "phploc/phploc": "^2.1.5 || ^3.0.1",
                "phpmd/phpmd": "^2.6.0",
                "phpunit/phpunit": "^4.8.35 || ^5.7 || ^6.0",
                "sebastian/phpcpd": "^2.0.4 || 3.0.0",
                "squizlabs/php_codesniffer": "^2.8.0 || ^3.0.0"
            },
            "type": "library",
            "autoload": {
                "psr-4": {
                    "Com\\Tecnick\\File\\": "src"
                }
            },
            "notification-url": "https://packagist.org/downloads/",
            "license": [
                "LGPL-3.0"
            ],
            "authors": [
                {
                    "name": "Nicola Asuni",
                    "email": "info@tecnick.com",
                    "role": "lead"
                }
            ],
            "description": "PHP library to read byte-level data from files",
            "homepage": "http://www.tecnick.com",
            "keywords": [
                "Double",
                "bit",
                "byte",
                "file",
                "long",
                "read",
                "short",
                "tc-lib-file"
            ],
            "time": "2017-02-12T13:08:16+00:00"
        },
        {
            "name": "tecnickcom/tc-lib-pdf",
            "version": "dev-master",
            "source": {
                "type": "git",
                "url": "https://github.com/tecnickcom/tc-lib-pdf.git",
                "reference": "055f0b182ec563110f772014c14c7d3c8a33e1e4"
            },
            "dist": {
                "type": "zip",
                "url": "https://api.github.com/repos/tecnickcom/tc-lib-pdf/zipball/055f0b182ec563110f772014c14c7d3c8a33e1e4",
                "reference": "055f0b182ec563110f772014c14c7d3c8a33e1e4",
                "shasum": ""
            },
            "require": {
                "php": ">=5.4",
                "tecnickcom/tc-lib-barcode": "^1.10.3",
                "tecnickcom/tc-lib-color": "^1.11.2",
                "tecnickcom/tc-lib-file": "^1.6.2",
                "tecnickcom/tc-lib-pdf-encrypt": "^1.4.2",
                "tecnickcom/tc-lib-pdf-font": "^1.7.2",
                "tecnickcom/tc-lib-pdf-graph": "^1.1.2",
                "tecnickcom/tc-lib-pdf-image": "^1.1.2",
                "tecnickcom/tc-lib-pdf-page": "^2.1.2",
                "tecnickcom/tc-lib-unicode": "^1.3.2",
                "tecnickcom/tc-lib-unicode-data": "^1.6.2"
            },
            "require-dev": {
                "apigen/apigen": "^4.1.2",
                "bartlett/php-compatinfo": "^5.0.0",
                "pdepend/pdepend": "^2.2.2",
                "phploc/phploc": "^2.1.5|^3.0.0",
                "phpmd/phpmd": "^2.3.2",
                "phpunit/phpunit": "4.8.19|^5.0.0",
                "sebastian/phpcpd": "^2.0.2",
                "squizlabs/php_codesniffer": "^2.5.0|^3.0.0"
            },
            "type": "library",
            "autoload": {
                "psr-4": {
                    "Com\\Tecnick\\Pdf\\": "src"
                }
            },
            "license": [
                "LGPL-3.0"
            ],
            "authors": [
                {
                    "name": "Nicola Asuni",
                    "email": "info@tecnick.com",
                    "role": "lead"
                }
            ],
            "description": "PHP PDF Library",
            "homepage": "http://www.tecnick.com",
            "keywords": [
                "PDF",
                "PDFD32000-2008",
                "document",
                "tc-lib-pdf"
            ],
            "support": {
                "source": "https://github.com/tecnickcom/tc-lib-pdf/tree/master",
                "issues": "https://github.com/tecnickcom/tc-lib-pdf/issues"
            },
            "time": "2016-08-21 23:17:08"
        },
        {
            "name": "tecnickcom/tc-lib-pdf-encrypt",
            "version": "1.5.3",
            "source": {
                "type": "git",
                "url": "https://github.com/tecnickcom/tc-lib-pdf-encrypt.git",
                "reference": "be185865d1ba7c29e43625cdeaf22cabb5ee2464"
            },
            "dist": {
                "type": "zip",
                "url": "https://api.github.com/repos/tecnickcom/tc-lib-pdf-encrypt/zipball/be185865d1ba7c29e43625cdeaf22cabb5ee2464",
                "reference": "be185865d1ba7c29e43625cdeaf22cabb5ee2464",
                "shasum": ""
            },
            "require": {
                "ext-date": "*",
                "ext-hash": "*",
                "ext-openssl": "*",
                "ext-pcre": "*",
                "php": ">=5.4"
            },
            "require-dev": {
                "apigen/apigen": "^4.1.2",
                "bartlett/php-compatinfo": "^5.0.4",
                "pdepend/pdepend": "^2.5.0",
                "phploc/phploc": "^2.1.5 || ^3.0.1",
                "phpmd/phpmd": "^2.6.0",
                "phpunit/phpunit": "^4.8.35 || ^5.7 || ^6.0",
                "sebastian/phpcpd": "^2.0.4 || 3.0.0",
                "squizlabs/php_codesniffer": "^2.8.0 || ^3.0.0"
            },
            "suggest": {
                "ext-posix": "*"
            },
            "type": "library",
            "autoload": {
                "psr-4": {
                    "Com\\Tecnick\\Pdf\\Encrypt\\": "src"
                }
            },
            "notification-url": "https://packagist.org/downloads/",
            "license": [
                "LGPL-3.0"
            ],
            "authors": [
                {
                    "name": "Nicola Asuni",
                    "email": "info@tecnick.com",
                    "role": "lead"
                }
            ],
            "description": "PHP library to encrypt data for PDF",
            "homepage": "http://www.tecnick.com",
            "keywords": [
                "aes",
                "encrypt",
                "encryption",
                "pdf",
                "rc4",
                "tc-lib-pdf-encrypt"
            ],
            "time": "2017-10-28T10:13:41+00:00"
        },
        {
            "name": "tecnickcom/tc-lib-pdf-font",
            "version": "1.7.5",
            "source": {
                "type": "git",
                "url": "https://github.com/tecnickcom/tc-lib-pdf-font.git",
                "reference": "9b7eb5a04bd0f1943441c9cf20d138e9ff38ddc6"
            },
            "dist": {
                "type": "zip",
                "url": "https://api.github.com/repos/tecnickcom/tc-lib-pdf-font/zipball/9b7eb5a04bd0f1943441c9cf20d138e9ff38ddc6",
                "reference": "9b7eb5a04bd0f1943441c9cf20d138e9ff38ddc6",
                "shasum": ""
            },
            "require": {
                "ext-json": "*",
                "ext-pcre": "*",
                "ext-zlib": "*",
                "php": ">=5.4.0",
                "tecnickcom/tc-lib-file": "^1.6.5",
                "tecnickcom/tc-lib-pdf-encrypt": "^1.5.2",
                "tecnickcom/tc-lib-unicode-data": "^1.6.5"
            },
            "require-dev": {
                "apigen/apigen": "^4.1.2",
                "bartlett/php-compatinfo": "^5.0.4",
                "pdepend/pdepend": "^2.5.0",
                "phploc/phploc": "^2.1.5 || ^3.0.1",
                "phpmd/phpmd": "^2.6.0",
                "phpunit/phpunit": "^4.8.35 || ^5.7 || ^6.0",
                "sebastian/phpcpd": "^2.0.4 || 3.0.0",
                "squizlabs/php_codesniffer": "^2.8.0 || ^3.0.0"
            },
            "type": "library",
            "autoload": {
                "psr-4": {
                    "Com\\Tecnick\\Pdf\\Font\\": "src"
                }
            },
            "notification-url": "https://packagist.org/downloads/",
            "license": [
                "LGPL-3.0"
            ],
            "authors": [
                {
                    "name": "Nicola Asuni",
                    "email": "info@tecnick.com",
                    "role": "lead"
                }
            ],
            "description": "PHP library containing PDF page formats and definitions",
            "homepage": "http://www.tecnick.com",
            "keywords": [
                "PFB",
                "afm",
                "font",
                "import",
                "pdf",
                "tc-lib-pdf-font",
                "ttf"
            ],
            "time": "2017-02-12T15:31:33+00:00"
        },
        {
            "name": "tecnickcom/tc-lib-pdf-graph",
            "version": "1.4.4",
            "source": {
                "type": "git",
                "url": "https://github.com/tecnickcom/tc-lib-pdf-graph.git",
                "reference": "264bed779bdb1f4e2ab17cfb611256e37a042d2d"
            },
            "dist": {
                "type": "zip",
                "url": "https://api.github.com/repos/tecnickcom/tc-lib-pdf-graph/zipball/264bed779bdb1f4e2ab17cfb611256e37a042d2d",
                "reference": "264bed779bdb1f4e2ab17cfb611256e37a042d2d",
                "shasum": ""
            },
            "require": {
                "ext-zlib": "*",
                "php": ">=5.4",
                "tecnickcom/tc-lib-color": "^1.12.6",
                "tecnickcom/tc-lib-pdf-encrypt": "^1.5.2"
            },
            "require-dev": {
                "apigen/apigen": "^4.1.2",
                "bartlett/php-compatinfo": "^5.0.4",
                "pdepend/pdepend": "^2.5.0",
                "phploc/phploc": "^2.1.5 || ^3.0.1",
                "phpmd/phpmd": "^2.6.0",
                "phpunit/phpunit": "^4.8.35 || ^5.7 || ^6.0",
                "sebastian/phpcpd": "^2.0.4 || 3.0.0",
                "squizlabs/php_codesniffer": "^2.8.0 || ^3.0.0"
            },
            "type": "library",
            "autoload": {
                "psr-4": {
                    "Com\\Tecnick\\Pdf\\Graph\\": "src"
                }
            },
            "notification-url": "https://packagist.org/downloads/",
            "license": [
                "LGPL-3.0"
            ],
            "authors": [
                {
                    "name": "Nicola Asuni",
                    "email": "info@tecnick.com",
                    "role": "lead"
                }
            ],
            "description": "PHP library containing PDF graphic and geometric methods",
            "homepage": "http://www.tecnick.com",
            "keywords": [
                "geometry",
                "graphic",
                "pdf",
                "tc-lib-pdf-graph",
                "transformation"
            ],
            "time": "2017-02-12T14:09:46+00:00"
        },
        {
            "name": "tecnickcom/tc-lib-pdf-image",
            "version": "1.2.3",
            "source": {
                "type": "git",
                "url": "https://github.com/tecnickcom/tc-lib-pdf-image.git",
                "reference": "7da1527c491ce15a85719ee7a32f7fb401b278da"
            },
            "dist": {
                "type": "zip",
                "url": "https://api.github.com/repos/tecnickcom/tc-lib-pdf-image/zipball/7da1527c491ce15a85719ee7a32f7fb401b278da",
                "reference": "7da1527c491ce15a85719ee7a32f7fb401b278da",
                "shasum": ""
            },
            "require": {
                "ext-gd": "*",
                "ext-zlib": "*",
                "php": ">=5.4",
                "tecnickcom/tc-lib-color": "^1.12.6",
                "tecnickcom/tc-lib-file": "^1.6.5",
                "tecnickcom/tc-lib-pdf-encrypt": "^1.5.2"
            },
            "require-dev": {
                "apigen/apigen": "^4.1.2",
                "bartlett/php-compatinfo": "^5.0.4",
                "pdepend/pdepend": "^2.5.0",
                "phploc/phploc": "^2.1.5 || ^3.0.1",
                "phpmd/phpmd": "^2.6.0",
                "phpunit/phpunit": "^4.8.35 || ^5.7 || ^6.0",
                "sebastian/phpcpd": "^2.0.4 || 3.0.0",
                "squizlabs/php_codesniffer": "^2.8.0 || ^3.0.0"
            },
            "type": "library",
            "autoload": {
                "psr-4": {
                    "Com\\Tecnick\\Pdf\\Image\\": "src"
                }
            },
            "notification-url": "https://packagist.org/downloads/",
            "license": [
                "LGPL-3.0"
            ],
            "authors": [
                {
                    "name": "Nicola Asuni",
                    "email": "info@tecnick.com",
                    "role": "lead"
                }
            ],
            "description": "PHP library containing PDF Image methods",
            "homepage": "http://www.tecnick.com",
            "keywords": [
                "image",
                "jpeg",
                "jpg",
                "pdf",
                "png",
                "tc-lib-pdf-image"
            ],
            "time": "2017-02-12T15:26:45+00:00"
        },
        {
            "name": "tecnickcom/tc-lib-pdf-page",
            "version": "2.4.3",
            "source": {
                "type": "git",
                "url": "https://github.com/tecnickcom/tc-lib-pdf-page.git",
                "reference": "c86292d32b66652345ae7dcf9172d383c1d3d465"
            },
            "dist": {
                "type": "zip",
                "url": "https://api.github.com/repos/tecnickcom/tc-lib-pdf-page/zipball/c86292d32b66652345ae7dcf9172d383c1d3d465",
                "reference": "c86292d32b66652345ae7dcf9172d383c1d3d465",
                "shasum": ""
            },
            "require": {
                "ext-date": "*",
                "ext-zlib": "*",
                "php": ">=5.4",
                "tecnickcom/tc-lib-color": "^1.12.6",
                "tecnickcom/tc-lib-pdf-encrypt": "^1.5.2"
            },
            "require-dev": {
                "apigen/apigen": "^4.1.2",
                "bartlett/php-compatinfo": "^5.0.4",
                "pdepend/pdepend": "^2.5.0",
                "phploc/phploc": "^2.1.5 || ^3.0.1",
                "phpmd/phpmd": "^2.6.0",
                "phpunit/phpunit": "^4.8.35 || ^5.7 || ^6.0",
                "sebastian/phpcpd": "^2.0.4 || 3.0.0",
                "squizlabs/php_codesniffer": "^2.8.0 || ^3.0.0"
            },
            "type": "library",
            "autoload": {
                "psr-4": {
                    "Com\\Tecnick\\Pdf\\Page\\": "src"
                }
            },
            "notification-url": "https://packagist.org/downloads/",
            "license": [
                "LGPL-3.0"
            ],
            "authors": [
                {
                    "name": "Nicola Asuni",
                    "email": "info@tecnick.com",
                    "role": "lead"
                }
            ],
            "description": "PHP library containing PDF page formats and definitions",
            "homepage": "http://www.tecnick.com",
            "keywords": [
                "format",
                "page",
                "pdf",
                "tc-lib-pdf-page"
            ],
            "time": "2017-05-08T11:46:40+00:00"
        },
        {
            "name": "tecnickcom/tc-lib-unicode",
            "version": "1.3.5",
            "source": {
                "type": "git",
                "url": "https://github.com/tecnickcom/tc-lib-unicode.git",
                "reference": "e07e2f3c0f8391f8b13a24f32c9f3ec2edd4bef4"
            },
            "dist": {
                "type": "zip",
                "url": "https://api.github.com/repos/tecnickcom/tc-lib-unicode/zipball/e07e2f3c0f8391f8b13a24f32c9f3ec2edd4bef4",
                "reference": "e07e2f3c0f8391f8b13a24f32c9f3ec2edd4bef4",
                "shasum": ""
            },
            "require": {
                "ext-mbstring": "*",
                "ext-pcre": "*",
                "php": ">=5.4",
                "tecnickcom/tc-lib-unicode-data": "^1.6.5"
            },
            "require-dev": {
                "apigen/apigen": "^4.1.2",
                "bartlett/php-compatinfo": "^5.0.4",
                "pdepend/pdepend": "^2.5.0",
                "phploc/phploc": "^2.1.5 || ^3.0.1",
                "phpmd/phpmd": "^2.6.0",
                "phpunit/phpunit": "^4.8.35 || ^5.7 || ^6.0",
                "sebastian/phpcpd": "^2.0.4 || 3.0.0",
                "squizlabs/php_codesniffer": "^2.8.0 || ^3.0.0"
            },
            "type": "library",
            "autoload": {
                "psr-4": {
                    "Com\\Tecnick\\Unicode\\": "src"
                }
            },
            "notification-url": "https://packagist.org/downloads/",
            "license": [
                "LGPL-3.0"
            ],
            "authors": [
                {
                    "name": "Nicola Asuni",
                    "email": "info@tecnick.com",
                    "role": "lead"
                }
            ],
            "description": "PHP library containing Unicode methods",
            "homepage": "http://www.tecnick.com",
            "keywords": [
                "font",
                "pdf",
                "tc-lib-unicode",
                "utf-8"
            ],
            "time": "2017-02-12T13:59:42+00:00"
        },
        {
            "name": "tecnickcom/tc-lib-unicode-data",
            "version": "1.6.5",
            "source": {
                "type": "git",
                "url": "https://github.com/tecnickcom/tc-lib-unicode-data.git",
                "reference": "f401208fc32b2856ecf21b666cc221c847019f78"
            },
            "dist": {
                "type": "zip",
                "url": "https://api.github.com/repos/tecnickcom/tc-lib-unicode-data/zipball/f401208fc32b2856ecf21b666cc221c847019f78",
                "reference": "f401208fc32b2856ecf21b666cc221c847019f78",
                "shasum": ""
            },
            "require": {
                "php": ">=5.4"
            },
            "require-dev": {
                "apigen/apigen": "^4.1.2",
                "bartlett/php-compatinfo": "^5.0.4",
                "pdepend/pdepend": "^2.5.0",
                "phploc/phploc": "^2.1.5 || ^3.0.1",
                "phpmd/phpmd": "^2.6.0",
                "phpunit/phpunit": "^4.8.35 || ^5.7 || ^6.0",
                "sebastian/phpcpd": "^2.0.4 || 3.0.0",
                "squizlabs/php_codesniffer": "^2.8.0 || ^3.0.0"
            },
            "type": "library",
            "autoload": {
                "psr-4": {
                    "Com\\Tecnick\\Unicode\\Data\\": "src"
                }
            },
            "notification-url": "https://packagist.org/downloads/",
            "license": [
                "LGPL-3.0"
            ],
            "authors": [
                {
                    "name": "Nicola Asuni",
                    "email": "info@tecnick.com",
                    "role": "lead"
                }
            ],
            "description": "PHP library containing Unicode definitions",
            "homepage": "http://www.tecnick.com",
            "keywords": [
                "font",
                "pdf",
                "tc-lib-unicode-data",
                "utf-8"
            ],
            "time": "2017-02-12T13:41:39+00:00"
        }
    ],
    "packages-dev": [],
    "aliases": [],
    "minimum-stability": "stable",
    "stability-flags": {
        "tecnickcom/tc-lib-pdf": 20
    },
    "prefer-stable": false,
    "prefer-lowest": false,
    "platform": [],
    "platform-dev": []
}
